
Microsoft Visual Studio Solution File, Format Version 9.00
# Visual Studio 2005
Project("{8BC9CEB8-8B4A-11D0-8D11-00A0C91BC942}") = "2345poc", "2345poc.vcproj", "{AF3C6934-8766-4808-A66C-951D2EB1C022}"
EndProject
Global
	GlobalSection(SolutionConfigurationPlatforms) = preSolution
		Debug|Win32 = Debug|Win32
		Release|Win32 = Release|Win32
	EndGlobalSection
	GlobalSection(ProjectConfigurationPlatforms) = postSolution
		{AF3C6934-8766-4808-A66C-951D2EB1C022}.Debug|Win32.ActiveCfg = Debug|Win32
		{AF3C6934-8766-4808-A66C-951D2EB1C022}.Debug|Win32.Build.0 = Debug|Win32
		{AF3C6934-8766-4808-A66C-951D2EB1C022}.Release|Win32.ActiveCfg = Release|Win32
		{AF3C6934-8766-4808-A66C-951D2EB1C022}.Release|Win32.Build.0 = Release|Win32
	EndGlobalSection
	GlobalSection(SolutionProperties) = preSolution
		HideSolutionNode = FALSE
	EndGlobalSection
EndGlobal
